dependencies:
- name: postgresql
  repository: https://charts.bitnami.com/bitnami
  version: 12.12.10
- name: vault
  repository: https://helm.releases.hashicorp.com
  version: 0.29.1
digest: sha256:82271ea66702870bddf5b805c10e25c02e37ecd1f77dae299bec5e85d8841ddc
generated: "2025-09-02T10:31:34.31422816+02:00"
