dependencies:
- name: postgres
  repository: oci://registry-1.docker.io/cloudpirates
  version: 0.11.0
- name: vault
  repository: https://helm.releases.hashicorp.com
  version: 0.29.1
digest: sha256:de03cb62bb95bdc58beb6b45e7f9d2179352500973311e713dd5af866cd5c95b
generated: "2026-01-07T12:55:33.904349464+01:00"
