dependencies:
- name: postgresql
  repository: https://charts.bitnami.com/bitnami
  version: 12.12.10
- name: vault
  repository: https://helm.releases.hashicorp.com
  version: 0.29.1
- name: pgadmin4
  repository: https://helm.runix.net
  version: 1.25.3
digest: sha256:1ae14bb6e3f6c9cab2b847f1a4283f667e9a247a725c4c35ad0589118aee6604
generated: "2026-03-09T09:10:42.458594418+01:00"
